{
  "meteor": {},
  "dependencies": {
    "basePackages": {
      "http-methods": {},
      "handlebars-server": {},
      "bootstrap-3": {}
    },
    "packages": {
      "http-methods": {
        "git": "https://github.com/CollectionFS/Meteor-http-methods.git",
        "tag": "v0.0.13",
        "commit": "d7d3311aa4b92cbe5d41432cd18029f3ef48faf9"
      },
      "handlebars-server": {
        "git": "https://github.com/EventedMind/meteor-handlebars-server.git",
        "tag": "v1.1.0",
        "commit": "ed99c8e9280894519f44a5b4c84f66ff596c5450"
      },
      "bootstrap-3": {
        "git": "https://github.com/mangasocial/meteor-bootstrap-3.git",
        "tag": "v3.1.0-1",
        "commit": "329dccb08bfc18c635676dea600ac9953162cda9"
      }
    }
  }
}
